// !$*UTF8*$!
{
	archiveVersion = 1;
	classes = {
	};
	objectVersion = 56;
	objects = {

/* Begin PBXBuildFile section */
		6678D44E29F59D5800B079B5 /* HomeView.swift in Sources */ = {isa = PBXBuildFile; fileRef = 6678D44D29F59D5800B079B5 /* HomeView.swift */; };
		6678D45029F7079700B079B5 /* TopMoversView.swift in Sources */ = {isa = PBXBuildFile; fileRef = 6678D44F29F7079700B079B5 /* TopMoversView.swift */; };
		6678D45229F707D200B079B5 /* TopMoversItemView.swift in Sources */ = {isa = PBXBuildFile; fileRef = 6678D45129F707D200B079B5 /* TopMoversItemView.swift */; };
		6678D45429F8404400B079B5 /* AllCoinsView.swift in Sources */ = {isa = PBXBuildFile; fileRef = 6678D45329F8404400B079B5 /* AllCoinsView.swift */; };
		6678D45629F8405800B079B5 /* CoinRowView.swift in Sources */ = {isa = PBXBuildFile; fileRef = 6678D45529F8405800B079B5 /* CoinRowView.swift */; };
		6678D45829F99B4100B079B5 /* HomeViewModel.swift in Sources */ = {isa = PBXBuildFile; fileRef = 6678D45729F99B4100B079B5 /* HomeViewModel.swift */; };
		6682E9D829F1BADA00432F2F /* CryptoCurrencyApp.swift in Sources */ = {isa = PBXBuildFile; fileRef = 6682E9D729F1BADA00432F2F /* CryptoCurrencyApp.swift */; };
		6682E9DA29F1BADA00432F2F /* ContentView.swift in Sources */ = {isa = PBXBuildFile; fileRef = 6682E9D929F1BADA00432F2F /* ContentView.swift */; };
		6682E9DC29F1BADC00432F2F /* AppIcon.xcassets in Resources */ = {isa = PBXBuildFile; fileRef = 6682E9DB29F1BADC00432F2F /* AppIcon.xcassets */; };
		6682E9DF29F1BADC00432F2F /* Preview Assets.xcassets in Resources */ = {isa = PBXBuildFile; fileRef = 6682E9DE29F1BADC00432F2F /* Preview Assets.xcassets */; };
/* End PBXBuildFile section */

/* Begin PBXFileReference section */
		6678D44D29F59D5800B079B5 /* HomeView.swift */ = {isa = PBXFileReference; lastKnownFileType = sourcecode.swift; path = HomeView.swift; sourceTree = "<group>"; };
		6678D44F29F7079700B079B5 /* TopMoversView.swift */ = {isa = PBXFileReference; lastKnownFileType = sourcecode.swift; path = TopMoversView.swift; sourceTree = "<group>"; };
		6678D45129F707D200B079B5 /* TopMoversItemView.swift */ = {isa = PBXFileReference; lastKnownFileType = sourcecode.swift; path = TopMoversItemView.swift; sourceTree = "<group>"; };
		6678D45329F8404400B079B5 /* AllCoinsView.swift */ = {isa = PBXFileReference; lastKnownFileType = sourcecode.swift; path = AllCoinsView.swift; sourceTree = "<group>"; };
		6678D45529F8405800B079B5 /* CoinRowView.swift */ = {isa = PBXFileReference; lastKnownFileType = sourcecode.swift; path = CoinRowView.swift; sourceTree = "<group>"; };
		6678D45729F99B4100B079B5 /* HomeViewModel.swift */ = {isa = PBXFileReference; lastKnownFileType = sourcecode.swift; path = HomeViewModel.swift; sourceTree = "<group>"; };
		6678D45929F9AA1100B079B5 /* Info.plist */ = {isa = PBXFileReference; lastKnownFileType = text.plist.xml; path = Info.plist; sourceTree = "<group>"; };
		6682E9D429F1BADA00432F2F /* CryptoCurrency.app */ = {isa = PBXFileReference; explicitFileType = wrapper.application; includeInIndex = 0; path = CryptoCurrency.app; sourceTree = BUILT_PRODUCTS_DIR; };
		6682E9D729F1BADA00432F2F /* CryptoCurrencyApp.swift */ = {isa = PBXFileReference; lastKnownFileType = sourcecode.swift; path = CryptoCurrencyApp.swift; sourceTree = "<group>"; };
		6682E9D929F1BADA00432F2F /* ContentView.swift */ = {isa = PBXFileReference; lastKnownFileType = sourcecode.swift; path = ContentView.swift; sourceTree = "<group>"; };
		6682E9DB29F1BADC00432F2F /* AppIcon.xcassets */ = {isa = PBXFileReference; lastKnownFileType = folder.assetcatalog; path = AppIcon.xcassets; sourceTree = "<group>"; };
		6682E9DE29F1BADC00432F2F /* Preview Assets.xcassets */ = {isa = PBXFileReference; lastKnownFileType = folder.assetcatalog; path = "Preview Assets.xcassets"; sourceTree = "<group>"; };
/* End PBXFileReference section */

/* Begin PBXFrameworksBuildPhase section */
		6682E9D129F1BADA00432F2F /* Frameworks */ = {
			isa = PBXFrameworksBuildPhase;
			buildActionMask = 2147483647;
			files = (
			);
			runOnlyForDeploymentPostprocessing = 0;
		};
/* End PBXFrameworksBuildPhase section */

/* Begin PBXGroup section */
		6678D44B29F59CD000B079B5 /* Views */ = {
			isa = PBXGroup;
			children = (
				6678D44D29F59D5800B079B5 /* HomeView.swift */,
				6678D44F29F7079700B079B5 /* TopMoversView.swift */,
				6678D45129F707D200B079B5 /* TopMoversItemView.swift */,
				6678D45329F8404400B079B5 /* AllCoinsView.swift */,
				6678D45529F8405800B079B5 /* CoinRowView.swift */,
			);
			path = Views;
			sourceTree = "<group>";
		};
		6678D44C29F59CDC00B079B5 /* ViewModels */ = {
			isa = PBXGroup;
			children = (
				6678D45729F99B4100B079B5 /* HomeViewModel.swift */,
			);
			path = ViewModels;
			sourceTree = "<group>";
		};
		6682E9CB29F1BADA00432F2F = {
			isa = PBXGroup;
			children = (
				6682E9D629F1BADA00432F2F /* CryptoCurrency */,
				6682E9D529F1BADA00432F2F /* Products */,
			);
			sourceTree = "<group>";
		};
		6682E9D529F1BADA00432F2F /* Products */ = {
			isa = PBXGroup;
			children = (
				6682E9D429F1BADA00432F2F /* CryptoCurrency.app */,
			);
			name = Products;
			sourceTree = "<group>";
		};
		6682E9D629F1BADA00432F2F /* CryptoCurrency */ = {
			isa = PBXGroup;
			children = (
				6682E9E929F1BB8800432F2F /* Utils */,
				6682E9E829F1BB7D00432F2F /* Extensions */,
				6682E9E729F1BB7500432F2F /* Models */,
				6682E9E629F1BB6D00432F2F /* Core */,
				6682E9E529F1BB5900432F2F /* App */,
				6682E9D929F1BADA00432F2F /* ContentView.swift */,
				6682E9DB29F1BADC00432F2F /* AppIcon.xcassets */,
				6682E9DD29F1BADC00432F2F /* Preview Content */,
			);
			path = CryptoCurrency;
			sourceTree = "<group>";
		};
		6682E9DD29F1BADC00432F2F /* Preview Content */ = {
			isa = PBXGroup;
			children = (
				6682E9DE29F1BADC00432F2F /* Preview Assets.xcassets */,
			);
			path = "Preview Content";
			sourceTree = "<group>";
		};
		6682E9E529F1BB5900432F2F /* App */ = {
			isa = PBXGroup;
			children = (
				6682E9D729F1BADA00432F2F /* CryptoCurrencyApp.swift */,
			);
			path = App;
			sourceTree = "<group>";
		};
		6682E9E629F1BB6D00432F2F /* Core */ = {
			isa = PBXGroup;
			children = (
				6682E9EA29F1BBB800432F2F /* Home */,
			);
			path = Core;
			sourceTree = "<group>";
		};
		6682E9E729F1BB7500432F2F /* Models */ = {
			isa = PBXGroup;
			children = (
			);
			path = Models;
			sourceTree = "<group>";
		};
		6682E9E829F1BB7D00432F2F /* Extensions */ = {
			isa = PBXGroup;
			children = (
			);
			path = Extensions;
			sourceTree = "<group>";
		};
		6682E9E929F1BB8800432F2F /* Utils */ = {
			isa = PBXGroup;
			children = (
				6678D45929F9AA1100B079B5 /* Info.plist */,
			);
			path = Utils;
			sourceTree = "<group>";
		};
		6682E9EA29F1BBB800432F2F /* Home */ = {
			isa = PBXGroup;
			children = (
				6678D44B29F59CD000B079B5 /* Views */,
				6678D44C29F59CDC00B079B5 /* ViewModels */,
			);
			path = Home;
			sourceTree = "<group>";
		};
/* End PBXGroup section */

/* Begin PBXNativeTarget section */
		6682E9D329F1BADA00432F2F /* CryptoCurrency */ = {
			isa = PBXNativeTarget;
			buildConfigurationList = 6682E9E229F1BADC00432F2F /* Build configuration list for PBXNativeTarget "CryptoCurrency" */;
			buildPhases = (
				6682E9D029F1BADA00432F2F /* Sources */,
				6682E9D129F1BADA00432F2F /* Frameworks */,
				6682E9D229F1BADA00432F2F /* Resources */,
			);
			buildRules = (
			);
			dependencies = (
			);
			name = CryptoCurrency;
			productName = CryptoCurrency;
			productReference = 6682E9D429F1BADA00432F2F /* CryptoCurrency.app */;
			productType = "com.apple.product-type.application";
		};
/* End PBXNativeTarget section */

/* Begin PBXProject section */
		6682E9CC29F1BADA00432F2F /* Project object */ = {
			isa = PBXProject;
			attributes = {
				BuildIndependentTargetsInParallel = 1;
				LastSwiftUpdateCheck = 1420;
				LastUpgradeCheck = 1420;
				ORGANIZATIONNAME = slemeshaev;
				TargetAttributes = {
					6682E9D329F1BADA00432F2F = {
						CreatedOnToolsVersion = 14.2;
					};
				};
			};
			buildConfigurationList = 6682E9CF29F1BADA00432F2F /* Build configuration list for PBXProject "CryptoCurrency" */;
			compatibilityVersion = "Xcode 14.0";
			developmentRegion = en;
			hasScannedForEncodings = 0;
			knownRegions = (
				en,
				Base,
			);
			mainGroup = 6682E9CB29F1BADA00432F2F;
			productRefGroup = 6682E9D529F1BADA00432F2F /* Products */;
			projectDirPath = "";
			projectRoot = "";
			targets = (
				6682E9D329F1BADA00432F2F /* CryptoCurrency */,
			);
		};
/* End PBXProject section */

/* Begin PBXResourcesBuildPhase section */
		6682E9D229F1BADA00432F2F /* Resources */ = {
			isa = PBXResourcesBuildPhase;
			buildActionMask = 2147483647;
			files = (
				6682E9DF29F1BADC00432F2F /* Preview Assets.xcassets in Resources */,
				6682E9DC29F1BADC00432F2F /* AppIcon.xcassets in Resources */,
			);
			runOnlyForDeploymentPostprocessing = 0;
		};
/* End PBXResourcesBuildPhase section */

/* Begin PBXSourcesBuildPhase section */
		6682E9D029F1BADA00432F2F /* Sources */ = {
			isa = PBXSourcesBuildPhase;
			buildActionMask = 2147483647;
			files = (
				6678D45029F7079700B079B5 /* TopMoversView.swift in Sources */,
				6678D45429F8404400B079B5 /* AllCoinsView.swift in Sources */,
				6678D44E29F59D5800B079B5 /* HomeView.swift in Sources */,
				6678D45829F99B4100B079B5 /* HomeViewModel.swift in Sources */,
				6682E9DA29F1BADA00432F2F /* ContentView.swift in Sources */,
				6682E9D829F1BADA00432F2F /* CryptoCurrencyApp.swift in Sources */,
				6678D45629F8405800B079B5 /* CoinRowView.swift in Sources */,
				6678D45229F707D200B079B5 /* TopMoversItemView.swift in Sources */,
			);
			runOnlyForDeploymentPostprocessing = 0;
		};
/* End PBXSourcesBuildPhase section */

/* Begin XCBuildConfiguration section */
		6682E9E029F1BADC00432F2F /* Debug */ = {
			isa = XCBuildConfiguration;
			buildSettings = {
				ALWAYS_SEARCH_USER_PATHS = NO;
				CLANG_ANALYZER_NONNULL = YES;
				CLANG_ANALYZER_NUMBER_OBJECT_CONVERSION = YES_AGGRESSIVE;
				CLANG_CXX_LANGUAGE_STANDARD = "gnu++20";
				CLANG_ENABLE_MODULES = YES;
				CLANG_ENABLE_OBJC_ARC = YES;
				CLANG_ENABLE_OBJC_WEAK = YES;
				CLANG_WARN_BLOCK_CAPTURE_AUTORELEASING = YES;
				CLANG_WARN_BOOL_CONVERSION = YES;
				CLANG_WARN_COMMA = YES;
				CLANG_WARN_CONSTANT_CONVERSION = YES;
				CLANG_WARN_DEPRECATED_OBJC_IMPLEMENTATIONS = YES;
				CLANG_WARN_DIRECT_OBJC_ISA_USAGE = YES_ERROR;
				CLANG_WARN_DOCUMENTATION_COMMENTS = YES;
				CLANG_WARN_EMPTY_BODY = YES;
				CLANG_WARN_ENUM_CONVERSION = YES;
				CLANG_WARN_INFINITE_RECURSION = YES;
				CLANG_WARN_INT_CONVERSION = YES;
				CLANG_WARN_NON_LITERAL_NULL_CONVERSION = YES;
				CLANG_WARN_OBJC_IMPLICIT_RETAIN_SELF = YES;
				CLANG_WARN_OBJC_LITERAL_CONVERSION = YES;
				CLANG_WARN_OBJC_ROOT_CLASS = YES_ERROR;
				CLANG_WARN_QUOTED_INCLUDE_IN_FRAMEWORK_HEADER = YES;
				CLANG_WARN_RANGE_LOOP_ANALYSIS = YES;
				CLANG_WARN_STRICT_PROTOTYPES = YES;
				CLANG_WARN_SUSPICIOUS_MOVE = YES;
				CLANG_WARN_UNGUARDED_AVAILABILITY = YES_AGGRESSIVE;
				CLANG_WARN_UNREACHABLE_CODE = YES;
				CLANG_WARN__DUPLICATE_METHOD_MATCH = YES;
				COPY_PHASE_STRIP = NO;
				DEBUG_INFORMATION_FORMAT = dwarf;
				ENABLE_STRICT_OBJC_MSGSEND = YES;
				ENABLE_TESTABILITY = YES;
				GCC_C_LANGUAGE_STANDARD = gnu11;
				GCC_DYNAMIC_NO_PIC = NO;
				GCC_NO_COMMON_BLOCKS = YES;
				GCC_OPTIMIZATION_LEVEL = 0;
				GCC_PREPROCESSOR_DEFINITIONS = (
					"DEBUG=1",
					"$(inherited)",
				);
				GCC_WARN_64_TO_32_BIT_CONVERSION = YES;
				GCC_WARN_ABOUT_RETURN_TYPE = YES_ERROR;
				GCC_WARN_UNDECLARED_SELECTOR = YES;
				GCC_WARN_UNINITIALIZED_AUTOS = YES_AGGRESSIVE;
				GCC_WARN_UNUSED_FUNCTION = YES;
				GCC_WARN_UNUSED_VARIABLE = YES;
				IPHONEOS_DEPLOYMENT_TARGET = 16.0;
				MTL_ENABLE_DEBUG_INFO = INCLUDE_SOURCE;
				MTL_FAST_MATH = YES;
				ONLY_ACTIVE_ARCH = YES;
				SDKROOT = iphoneos;
				SWIFT_ACTIVE_COMPILATION_CONDITIONS = DEBUG;
				SWIFT_OPTIMIZATION_LEVEL = "-Onone";
			};
			name = Debug;
		};
		6682E9E129F1BADC00432F2F /* Release */ = {
			isa = XCBuildConfiguration;
			buildSettings = {
				ALWAYS_SEARCH_USER_PATHS = NO;
				CLANG_ANALYZER_NONNULL = YES;
				CLANG_ANALYZER_NUMBER_OBJECT_CONVERSION = YES_AGGRESSIVE;
				CLANG_CXX_LANGUAGE_STANDARD = "gnu++20";
				CLANG_ENABLE_MODULES = YES;
				CLANG_ENABLE_OBJC_ARC = YES;
				CLANG_ENABLE_OBJC_WEAK = YES;
				CLANG_WARN_BLOCK_CAPTURE_AUTORELEASING = YES;
				CLANG_WARN_BOOL_CONVERSION = YES;
				CLANG_WARN_COMMA = YES;
				CLANG_WARN_CONSTANT_CONVERSION = YES;
				CLANG_WARN_DEPRECATED_OBJC_IMPLEMENTATIONS = YES;
				CLANG_WARN_DIRECT_OBJC_ISA_USAGE = YES_ERROR;
				CLANG_WARN_DOCUMENTATION_COMMENTS = YES;
				CLANG_WARN_EMPTY_BODY = YES;
				CLANG_WARN_ENUM_CONVERSION = YES;
				CLANG_WARN_INFINITE_RECURSION = YES;
				CLANG_WARN_INT_CONVERSION = YES;
				CLANG_WARN_NON_LITERAL_NULL_CONVERSION = YES;
				CLANG_WARN_OBJC_IMPLICIT_RETAIN_SELF = YES;
				CLANG_WARN_OBJC_LITERAL_CONVERSION = YES;
				CLANG_WARN_OBJC_ROOT_CLASS = YES_ERROR;
				CLANG_WARN_QUOTED_INCLUDE_IN_FRAMEWORK_HEADER = YES;
				CLANG_WARN_RANGE_LOOP_ANALYSIS = YES;
				CLANG_WARN_STRICT_PROTOTYPES = YES;
				CLANG_WARN_SUSPICIOUS_MOVE = YES;
				CLANG_WARN_UNGUARDED_AVAILABILITY = YES_AGGRESSIVE;
				CLANG_WARN_UNREACHABLE_CODE = YES;
				CLANG_WARN__DUPLICATE_METHOD_MATCH = YES;
				COPY_PHASE_STRIP = NO;
				DEBUG_INFORMATION_FORMAT = "dwarf-with-dsym";
				ENABLE_NS_ASSERTIONS = NO;
				ENABLE_STRICT_OBJC_MSGSEND = YES;
				GCC_C_LANGUAGE_STANDARD = gnu11;
				GCC_NO_COMMON_BLOCKS = YES;
				GCC_WARN_64_TO_32_BIT_CONVERSION = YES;
				GCC_WARN_ABOUT_RETURN_TYPE = YES_ERROR;
				GCC_WARN_UNDECLARED_SELECTOR = YES;
				GCC_WARN_UNINITIALIZED_AUTOS = YES_AGGRESSIVE;
				GCC_WARN_UNUSED_FUNCTION = YES;
				GCC_WARN_UNUSED_VARIABLE = YES;
				IPHONEOS_DEPLOYMENT_TARGET = 16.0;
				MTL_ENABLE_DEBUG_INFO = NO;
				MTL_FAST_MATH = YES;
				SDKROOT = iphoneos;
				SWIFT_COMPILATION_MODE = wholemodule;
				SWIFT_OPTIMIZATION_LEVEL = "-O";
				VALIDATE_PRODUCT = YES;
			};
			name = Release;
		};
		6682E9E329F1BADC00432F2F /* Debug */ = {
			isa = XCBuildConfiguration;
			buildSettings = {
				ASSETCATALOG_COMPILER_APPICON_NAME = AppIcon;
				CODE_SIGN_STYLE = Automatic;
				CURRENT_PROJECT_VERSION = 1;
				DEVELOPMENT_ASSET_PATHS = "\"CryptoCurrency/Preview Content\"";
				DEVELOPMENT_TEAM = 5GWB2H668N;
				ENABLE_PREVIEWS = YES;
				GENERATE_INFOPLIST_FILE = YES;
				INFOPLIST_FILE = CryptoCurrency/Utils/Info.plist;
				INFOPLIST_KEY_CFBundleDisplayName = "Crypto Currency";
				INFOPLIST_KEY_LSApplicationCategoryType = "public.app-category.finance";
				INFOPLIST_KEY_UIApplicationSupportsIndirectInputEvents = YES;
				INFOPLIST_KEY_UILaunchScreen_Generation = YES;
				INFOPLIST_KEY_UISupportedInterfaceOrientations_iPad = "UIInterfaceOrientationPortrait UIInterfaceOrientationPortraitUpsideDown UIInterfaceOrientationLandscapeLeft UIInterfaceOrientationLandscapeRight";
				INFOPLIST_KEY_UISupportedInterfaceOrientations_iPhone = "UIInterfaceOrientationPortrait UIInterfaceOrientationLandscapeLeft UIInterfaceOrientationLandscapeRight";
				IPHONEOS_DEPLOYMENT_TARGET = 16.0;
				LD_RUNPATH_SEARCH_PATHS = (
					"$(inherited)",
					"@executable_path/Frameworks",
				);
				MARKETING_VERSION = 1.0;
				PRODUCT_BUNDLE_IDENTIFIER = com.slemeshaev.CryptoCurrency;
				PRODUCT_NAME = "$(TARGET_NAME)";
				SWIFT_EMIT_LOC_STRINGS = YES;
				SWIFT_VERSION = 5.0;
				TARGETED_DEVICE_FAMILY = "1,2";
			};
			name = Debug;
		};
		6682E9E429F1BADC00432F2F /* Release */ = {
			isa = XCBuildConfiguration;
			buildSettings = {
				ASSETCATALOG_COMPILER_APPICON_NAME = AppIcon;
				CODE_SIGN_STYLE = Automatic;
				CURRENT_PROJECT_VERSION = 1;
				DEVELOPMENT_ASSET_PATHS = "\"CryptoCurrency/Preview Content\"";
				DEVELOPMENT_TEAM = 5GWB2H668N;
				ENABLE_PREVIEWS = YES;
				GENERATE_INFOPLIST_FILE = YES;
				INFOPLIST_FILE = CryptoCurrency/Utils/Info.plist;
				INFOPLIST_KEY_CFBundleDisplayName = "Crypto Currency";
				INFOPLIST_KEY_LSApplicationCategoryType = "public.app-category.finance";
				INFOPLIST_KEY_UIApplicationSupportsIndirectInputEvents = YES;
				INFOPLIST_KEY_UILaunchScreen_Generation = YES;
				INFOPLIST_KEY_UISupportedInterfaceOrientations_iPad = "UIInterfaceOrientationPortrait UIInterfaceOrientationPortraitUpsideDown UIInterfaceOrientationLandscapeLeft UIInterfaceOrientationLandscapeRight";
				INFOPLIST_KEY_UISupportedInterfaceOrientations_iPhone = "UIInterfaceOrientationPortrait UIInterfaceOrientationLandscapeLeft UIInterfaceOrientationLandscapeRight";
				IPHONEOS_DEPLOYMENT_TARGET = 16.0;
				LD_RUNPATH_SEARCH_PATHS = (
					"$(inherited)",
					"@executable_path/Frameworks",
				);
				MARKETING_VERSION = 1.0;
				PRODUCT_BUNDLE_IDENTIFIER = com.slemeshaev.CryptoCurrency;
				PRODUCT_NAME = "$(TARGET_NAME)";
				SWIFT_EMIT_LOC_STRINGS = YES;
				SWIFT_VERSION = 5.0;
				TARGETED_DEVICE_FAMILY = "1,2";
			};
			name = Release;
		};
/* End XCBuildConfiguration section */

/* Begin XCConfigurationList section */
		6682E9CF29F1BADA00432F2F /* Build configuration list for PBXProject "CryptoCurrency" */ = {
			isa = XCConfigurationList;
			buildConfigurations = (
				6682E9E029F1BADC00432F2F /* Debug */,
				6682E9E129F1BADC00432F2F /* Release */,
			);
			defaultConfigurationIsVisible = 0;
			defaultConfigurationName = Release;
		};
		6682E9E229F1BADC00432F2F /* Build configuration list for PBXNativeTarget "CryptoCurrency" */ = {
			isa = XCConfigurationList;
			buildConfigurations = (
				6682E9E329F1BADC00432F2F /* Debug */,
				6682E9E429F1BADC00432F2F /* Release */,
			);
			defaultConfigurationIsVisible = 0;
			defaultConfigurationName = Release;
		};
/* End XCConfigurationList section */
	};
	rootObject = 6682E9CC29F1BADA00432F2F /* Project object */;
}
